PODS:
  - Cartography (4.0.0)
  - Down (0.9.0)
  - MarkdownView (1.1.3)

DEPENDENCIES:
  - Cartography
  - Down
  - MarkdownView (from `https://github.com/MadBrains/MarkdownView.git`)

SPEC REPOS:
  https://github.com/CocoaPods/Specs.git:
    - Cartography
    - Down

EXTERNAL SOURCES:
  MarkdownView:
    :git: https://github.com/MadBrains/MarkdownView.git

CHECKOUT OPTIONS:
  MarkdownView:
    :commit: 078b61492b44807b8d95b4d31d24f955605203bf
    :git: https://github.com/MadBrains/MarkdownView.git

SPEC CHECKSUMS:
  Cartography: c5626d29056b20f1e95c017326ee4df57cc39ad8
  Down: 1cdbca4963b542d0ef34ebb3e10ff48382bdf761
  MarkdownView: c33e758593d4bfadf37a7d00d2b26d8fd70134e0

PODFILE CHECKSUM: c9dd0ad83eadba83a453e35bdad204904f1d4629

COCOAPODS: 1.8.0
